
Microsoft Visual Studio Solution File, Format Version 12.00
# Visual Studio Version 16
VisualStudioVersion = 16.0.29613.14
MinimumVisualStudioVersion = 10.0.40219.1
Project("{FAE04EC0-301F-11D3-BF4B-00C04F79EFBC}") = "Commands", "Commands\Commands.csproj", "{59F2B3CC-2965-450E-A283-EFEEE453B6D3}"
EndProject
Global
	GlobalSection(SolutionConfigurationPlatforms) = preSolution
		Debug|Any CPU = Debug|Any CPU
		Release|Any CPU = Release|Any CPU
	EndGlobalSection
	GlobalSection(ProjectConfigurationPlatforms) = postSolution
		{59F2B3CC-2965-450E-A283-EFEEE453B6D3}.Debug|Any CPU.ActiveCfg = Debug|Any CPU
		{59F2B3CC-2965-450E-A283-EFEEE453B6D3}.Debug|Any CPU.Build.0 = Debug|Any CPU
		{59F2B3CC-2965-450E-A283-EFEEE453B6D3}.Release|Any CPU.ActiveCfg = Release|Any CPU
		{59F2B3CC-2965-450E-A283-EFEEE453B6D3}.Release|Any CPU.Build.0 = Release|Any CPU
	EndGlobalSection
	GlobalSection(SolutionProperties) = preSolution
		HideSolutionNode = FALSE
	EndGlobalSection
	GlobalSection(ExtensibilityGlobals) = postSolution
		SolutionGuid = {39A75565-B8E4-4C49-B841-E62A73E0626C}
	EndGlobalSection
EndGlobal
